
Microsoft Visual Studio Solution File, Format Version 12.00
# Visual Studio Version 16
VisualStudioVersion = 16.0.30611.23
MinimumVisualStudioVersion = 10.0.40219.1
Project("{2150E333-8FDC-42A3-9474-1A3956D46DE8}") = "1 - Services", "1 - Services", "{990B3A9C-528B-4EC9-B6B2-5EF03E437C38}"
EndProject
Project("{2150E333-8FDC-42A3-9474-1A3956D46DE8}") = "2 - Application", "2 - Application", "{C7A3F0AD-E147-4104-A79E-451743E8DCEA}"
EndProject
Project("{2150E333-8FDC-42A3-9474-1A3956D46DE8}") = "3 - Domain", "3 - Domain", "{6AECAAC2-13F8-473B-BA61-74CBC00C3128}"
EndProject
Project("{2150E333-8FDC-42A3-9474-1A3956D46DE8}") = "4 - Infra", "4 - Infra", "{E1F75857-9544-4238-9C0B-F2B4DAF19C5C}"
EndProject
Project("{2150E333-8FDC-42A3-9474-1A3956D46DE8}") = "4.1 - Data", "4.1 - Data", "{E136008E-2677-4BCD-A363-26FCA226C75E}"
EndProject
Project("{2150E333-8FDC-42A3-9474-1A3956D46DE8}") = "4.2 - CrossCutting", "4.2 - CrossCutting", "{2F5C9B2B-D6DF-4590-89BA-88A1F9CF1484}"
EndProject
Project("{FAE04EC0-301F-11D3-BF4B-00C04F79EFBC}") = "PSYCLINIC.Domain", "PSYCLINIC.Domain\PSYCLINIC.Domain.csproj", "{149A7B6E-A14A-465D-BCCE-38142C4F43EB}"
EndProject
Project("{FAE04EC0-301F-11D3-BF4B-00C04F79EFBC}") = "PSYCLINIC.Domain.Core", "PSYCLINIC.Domain.Core\PSYCLINIC.Domain.Core.csproj", "{598F9C1A-C6C8-476E-B942-D35D4456A599}"
EndProject
Project("{FAE04EC0-301F-11D3-BF4B-00C04F79EFBC}") = "PSYCLINIC.Domain.Services", "PSYCLINIC.Domain.Services\PSYCLINIC.Domain.Services.csproj", "{4596E9B3-C524-4501-BC25-F660705A2CBF}"
EndProject
Project("{FAE04EC0-301F-11D3-BF4B-00C04F79EFBC}") = "PSYCLINIC.Application", "PSYCLINIC.Application\PSYCLINIC.Application.csproj", "{DE81B1F8-5EBF-4696-82CE-CDBDCDE0A9CC}"
EndProject
Project("{FAE04EC0-301F-11D3-BF4B-00C04F79EFBC}") = "PSYCLINIC.Application.DTO", "PSYCLINIC.Application.DTO\PSYCLINIC.Application.DTO.csproj", "{40FFDA66-A3FD-465A-B15F-9D9F6F6A97E6}"
EndProject
Project("{FAE04EC0-301F-11D3-BF4B-00C04F79EFBC}") = "PSYCLINIC.Infra.Data", "PSYCLINIC.Infra.Data\PSYCLINIC.Infra.Data.csproj", "{E20A0A6A-9A81-4267-8A35-1644D363FC1D}"
EndProject
Project("{FAE04EC0-301F-11D3-BF4B-00C04F79EFBC}") = "PSYCLINIC.Infra.Data.Repositories", "PSYCLINIC.Infra.Data.Repositories\PSYCLINIC.Infra.Data.Repositories.csproj", "{B7E7774D-B21D-451A-8C47-A184C8B0E011}"
EndProject
Project("{FAE04EC0-301F-11D3-BF4B-00C04F79EFBC}") = "PSYCLINIC.Infra.CrossCutting.Adapter", "PSYCLINIC.Infra.CrossCutting.Adapter\PSYCLINIC.Infra.CrossCutting.Adapter.csproj", "{FE1A0462-B9EC-4B92-B0F4-C8EBB41DF14D}"
EndProject
Project("{FAE04EC0-301F-11D3-BF4B-00C04F79EFBC}") = "PSYCLINIC.Infra.CrossCutting.IOC", "PSYCLINIC.Infra.CrossCutting.IOC\PSYCLINIC.Infra.CrossCutting.IOC.csproj", "{B2A2DF27-2D1D-49B1-851D-AA9E35980A39}"
EndProject
Project("{FAE04EC0-301F-11D3-BF4B-00C04F79EFBC}") = "PSYCLINIC", "PSYCLINIC\PSYCLINIC.csproj", "{FD5F102C-A739-4DB0-B6FA-2BED293620D7}"
EndProject
Global
	GlobalSection(SolutionConfigurationPlatforms) = preSolution
		Debug|Any CPU = Debug|Any CPU
		Release|Any CPU = Release|Any CPU
	EndGlobalSection
	GlobalSection(ProjectConfigurationPlatforms) = postSolution
		{149A7B6E-A14A-465D-BCCE-38142C4F43EB}.Debug|Any CPU.ActiveCfg = Debug|Any CPU
		{149A7B6E-A14A-465D-BCCE-38142C4F43EB}.Debug|Any CPU.Build.0 = Debug|Any CPU
		{149A7B6E-A14A-465D-BCCE-38142C4F43EB}.Release|Any CPU.ActiveCfg = Release|Any CPU
		{149A7B6E-A14A-465D-BCCE-38142C4F43EB}.Release|Any CPU.Build.0 = Release|Any CPU
		{598F9C1A-C6C8-476E-B942-D35D4456A599}.Debug|Any CPU.ActiveCfg = Debug|Any CPU
		{598F9C1A-C6C8-476E-B942-D35D4456A599}.Debug|Any CPU.Build.0 = Debug|Any CPU
		{598F9C1A-C6C8-476E-B942-D35D4456A599}.Release|Any CPU.ActiveCfg = Release|Any CPU
		{598F9C1A-C6C8-476E-B942-D35D4456A599}.Release|Any CPU.Build.0 = Release|Any CPU
		{4596E9B3-C524-4501-BC25-F660705A2CBF}.Debug|Any CPU.ActiveCfg = Debug|Any CPU
		{4596E9B3-C524-4501-BC25-F660705A2CBF}.Debug|Any CPU.Build.0 = Debug|Any CPU
		{4596E9B3-C524-4501-BC25-F660705A2CBF}.Release|Any CPU.ActiveCfg = Release|Any CPU
		{4596E9B3-C524-4501-BC25-F660705A2CBF}.Release|Any CPU.Build.0 = Release|Any CPU
		{DE81B1F8-5EBF-4696-82CE-CDBDCDE0A9CC}.Debug|Any CPU.ActiveCfg = Debug|Any CPU
		{DE81B1F8-5EBF-4696-82CE-CDBDCDE0A9CC}.Debug|Any CPU.Build.0 = Debug|Any CPU
		{DE81B1F8-5EBF-4696-82CE-CDBDCDE0A9CC}.Release|Any CPU.ActiveCfg = Release|Any CPU
		{DE81B1F8-5EBF-4696-82CE-CDBDCDE0A9CC}.Release|Any CPU.Build.0 = Release|Any CPU
		{40FFDA66-A3FD-465A-B15F-9D9F6F6A97E6}.Debug|Any CPU.ActiveCfg = Debug|Any CPU
		{40FFDA66-A3FD-465A-B15F-9D9F6F6A97E6}.Debug|Any CPU.Build.0 = Debug|Any CPU
		{40FFDA66-A3FD-465A-B15F-9D9F6F6A97E6}.Release|Any CPU.ActiveCfg = Release|Any CPU
		{40FFDA66-A3FD-465A-B15F-9D9F6F6A97E6}.Release|Any CPU.Build.0 = Release|Any CPU
		{E20A0A6A-9A81-4267-8A35-1644D363FC1D}.Debug|Any CPU.ActiveCfg = Debug|Any CPU
		{E20A0A6A-9A81-4267-8A35-1644D363FC1D}.Debug|Any CPU.Build.0 = Debug|Any CPU
		{E20A0A6A-9A81-4267-8A35-1644D363FC1D}.Release|Any CPU.ActiveCfg = Release|Any CPU
		{E20A0A6A-9A81-4267-8A35-1644D363FC1D}.Release|Any CPU.Build.0 = Release|Any CPU
		{B7E7774D-B21D-451A-8C47-A184C8B0E011}.Debug|Any CPU.ActiveCfg = Debug|Any CPU
		{B7E7774D-B21D-451A-8C47-A184C8B0E011}.Debug|Any CPU.Build.0 = Debug|Any CPU
		{B7E7774D-B21D-451A-8C47-A184C8B0E011}.Release|Any CPU.ActiveCfg = Release|Any CPU
		{B7E7774D-B21D-451A-8C47-A184C8B0E011}.Release|Any CPU.Build.0 = Release|Any CPU
		{FE1A0462-B9EC-4B92-B0F4-C8EBB41DF14D}.Debug|Any CPU.ActiveCfg = Debug|Any CPU
		{FE1A0462-B9EC-4B92-B0F4-C8EBB41DF14D}.Debug|Any CPU.Build.0 = Debug|Any CPU
		{FE1A0462-B9EC-4B92-B0F4-C8EBB41DF14D}.Release|Any CPU.ActiveCfg = Release|Any CPU
		{FE1A0462-B9EC-4B92-B0F4-C8EBB41DF14D}.Release|Any CPU.Build.0 = Release|Any CPU
		{B2A2DF27-2D1D-49B1-851D-AA9E35980A39}.Debug|Any CPU.ActiveCfg = Debug|Any CPU
		{B2A2DF27-2D1D-49B1-851D-AA9E35980A39}.Debug|Any CPU.Build.0 = Debug|Any CPU
		{B2A2DF27-2D1D-49B1-851D-AA9E35980A39}.Release|Any CPU.ActiveCfg = Release|Any CPU
		{B2A2DF27-2D1D-49B1-851D-AA9E35980A39}.Release|Any CPU.Build.0 = Release|Any CPU
		{FD5F102C-A739-4DB0-B6FA-2BED293620D7}.Debug|Any CPU.ActiveCfg = Debug|Any CPU
		{FD5F102C-A739-4DB0-B6FA-2BED293620D7}.Debug|Any CPU.Build.0 = Debug|Any CPU
		{FD5F102C-A739-4DB0-B6FA-2BED293620D7}.Release|Any CPU.ActiveCfg = Release|Any CPU
		{FD5F102C-A739-4DB0-B6FA-2BED293620D7}.Release|Any CPU.Build.0 = Release|Any CPU
	EndGlobalSection
	GlobalSection(SolutionProperties) = preSolution
		HideSolutionNode = FALSE
	EndGlobalSection
	GlobalSection(NestedProjects) = preSolution
		{E136008E-2677-4BCD-A363-26FCA226C75E} = {E1F75857-9544-4238-9C0B-F2B4DAF19C5C}
		{2F5C9B2B-D6DF-4590-89BA-88A1F9CF1484} = {E1F75857-9544-4238-9C0B-F2B4DAF19C5C}
		{149A7B6E-A14A-465D-BCCE-38142C4F43EB} = {6AECAAC2-13F8-473B-BA61-74CBC00C3128}
		{598F9C1A-C6C8-476E-B942-D35D4456A599} = {6AECAAC2-13F8-473B-BA61-74CBC00C3128}
		{4596E9B3-C524-4501-BC25-F660705A2CBF} = {6AECAAC2-13F8-473B-BA61-74CBC00C3128}
		{DE81B1F8-5EBF-4696-82CE-CDBDCDE0A9CC} = {C7A3F0AD-E147-4104-A79E-451743E8DCEA}
		{40FFDA66-A3FD-465A-B15F-9D9F6F6A97E6} = {C7A3F0AD-E147-4104-A79E-451743E8DCEA}
		{E20A0A6A-9A81-4267-8A35-1644D363FC1D} = {E136008E-2677-4BCD-A363-26FCA226C75E}
		{B7E7774D-B21D-451A-8C47-A184C8B0E011} = {E136008E-2677-4BCD-A363-26FCA226C75E}
		{FE1A0462-B9EC-4B92-B0F4-C8EBB41DF14D} = {2F5C9B2B-D6DF-4590-89BA-88A1F9CF1484}
		{B2A2DF27-2D1D-49B1-851D-AA9E35980A39} = {2F5C9B2B-D6DF-4590-89BA-88A1F9CF1484}
		{FD5F102C-A739-4DB0-B6FA-2BED293620D7} = {990B3A9C-528B-4EC9-B6B2-5EF03E437C38}
	EndGlobalSection
	GlobalSection(ExtensibilityGlobals) = postSolution
		SolutionGuid = {634E4661-00DA-4BB6-814E-66A58DC59387}
	EndGlobalSection
EndGlobal
